{
  "name": "aioe",
  "version": "1.0.0",
  "lockfileVersion": 1,
  "requires": true,
  "dependencies": {
    "@babel/runtime": {
      "version": "7.12.5",
      "resolved": "https://registry.npmjs.org/@babel/runtime/-/runtime-7.12.5.tgz",
      "integrity": "sha512-plcc+hbExy3McchJCEQG3knOsuh3HH+Prx1P6cLIkET/0dLuQDEnrT+s27Axgc9bqfsmNUNHfscgMUdBpC9xfg==",
      "requires": {
        "regenerator-runtime": "^0.13.4"
      }
    },
    "@microsoft/signalr": {
      "version": "5.0.0",
      "resolved": "https://registry.npmjs.org/@microsoft/signalr/-/signalr-5.0.0.tgz",
      "integrity": "sha512-AsbU1ZB4Q9JsZ77W13VGT8gi/cVrFn3XbvVfULSwrC9DVCXF2JpkBDh0cCmRaYs9M3kqKohiVM1WPqNeAGil/g==",
      "requires": {
        "abort-controller": "^3.0.0",
        "eventsource": "^1.0.7",
        "fetch-cookie": "^0.7.3",
        "node-fetch": "^2.6.0",
        "ws": "^6.0.0"
      }
    },
    "@popperjs/core": {
      "version": "2.5.4",
      "resolved": "https://registry.npmjs.org/@popperjs/core/-/core-2.5.4.tgz",
      "integrity": "sha512-ZpKr+WTb8zsajqgDkvCEWgp6d5eJT6Q63Ng2neTbzBO76Lbe91vX/iVIW9dikq+Fs3yEo+ls4cxeXABD2LtcbQ=="
    },
    "@restart/context": {
      "version": "2.1.4",
      "resolved": "https://registry.npmjs.org/@restart/context/-/context-2.1.4.tgz",
      "integrity": "sha512-INJYZQJP7g+IoDUh/475NlGiTeMfwTXUEr3tmRneckHIxNolGOW9CTq83S8cxq0CgJwwcMzMJFchxvlwe7Rk8Q=="
    },
    "@restart/hooks": {
      "version": "0.3.25",
      "resolved": "https://registry.npmjs.org/@restart/hooks/-/hooks-0.3.25.tgz",
      "integrity": "sha512-m2v3N5pxTsIiSH74/sb1yW8D9RxkJidGW+5Mfwn/lHb2QzhZNlaU1su7abSyT9EGf0xS/0waLjrf7/XxQHUk7w==",
      "requires": {
        "lodash": "^4.17.15",
        "lodash-es": "^4.17.15"
      }
    },
    "@types/classnames": {
      "version": "2.2.11",
      "resolved": "https://registry.npmjs.org/@types/classnames/-/classnames-2.2.11.tgz",
      "integrity": "sha512-2koNhpWm3DgWRp5tpkiJ8JGc1xTn2q0l+jUNUE7oMKXUf5NpI9AIdC4kbjGNFBdHtcxBD18LAksoudAVhFKCjw=="
    },
    "@types/invariant": {
      "version": "2.2.34",
      "resolved": "https://registry.npmjs.org/@types/invariant/-/invariant-2.2.34.tgz",
      "integrity": "sha512-lYUtmJ9BqUN688fGY1U1HZoWT1/Jrmgigx2loq4ZcJpICECm/Om3V314BxdzypO0u5PORKGMM6x0OXaljV1YFg=="
    },
    "@types/prop-types": {
      "version": "15.7.3",
      "resolved": "https://registry.npmjs.org/@types/prop-types/-/prop-types-15.7.3.tgz",
      "integrity": "sha512-KfRL3PuHmqQLOG+2tGpRO26Ctg+Cq1E01D2DMriKEATHgWLfeNDmq9e29Q9WIky0dQ3NPkd1mzYH8Lm936Z9qw=="
    },
    "@types/react": {
      "version": "17.0.0",
      "resolved": "https://registry.npmjs.org/@types/react/-/react-17.0.0.tgz",
      "integrity": "sha512-aj/L7RIMsRlWML3YB6KZiXB3fV2t41+5RBGYF8z+tAKU43Px8C3cYUZsDvf1/+Bm4FK21QWBrDutu8ZJ/70qOw==",
      "requires": {
        "@types/prop-types": "*",
        "csstype": "^3.0.2"
      },
      "dependencies": {
        "csstype": {
          "version": "3.0.5",
          "resolved": "https://registry.npmjs.org/csstype/-/csstype-3.0.5.tgz",
          "integrity": "sha512-uVDi8LpBUKQj6sdxNaTetL6FpeCqTjOvAQuQUa/qAqq8oOd4ivkbhgnqayl0dnPal8Tb/yB1tF+gOvCBiicaiQ=="
        }
      }
    },
    "@types/react-transition-group": {
      "version": "4.4.0",
      "resolved": "https://registry.npmjs.org/@types/react-transition-group/-/react-transition-group-4.4.0.tgz",
      "integrity": "sha512-/QfLHGpu+2fQOqQaXh8MG9q03bFENooTb/it4jr5kKaZlDQfWvjqWZg48AwzPVMBHlRuTRAY7hRHCEOXz5kV6w==",
      "requires": {
        "@types/react": "*"
      }
    },
    "@types/warning": {
      "version": "3.0.0",
      "resolved": "https://registry.npmjs.org/@types/warning/-/warning-3.0.0.tgz",
      "integrity": "sha1-DSUBJorY+ZYrdA04fEZU9fjiPlI="
    },
    "abort-controller": {
      "version": "3.0.0",
      "resolved": "https://registry.npmjs.org/abort-controller/-/abort-controller-3.0.0.tgz",
      "integrity": "sha512-h8lQ8tacZYnR3vNQTgibj+tODHI5/+l06Au2Pcriv/Gmet0eaj4TwWH41sO9wnHDiQsEj19q0drzdWdeAHtweg==",
      "requires": {
        "event-target-shim": "^5.0.0"
      }
    },
    "async-limiter": {
      "version": "1.0.1",
      "resolved": "https://registry.npmjs.org/async-limiter/-/async-limiter-1.0.1.tgz",
      "integrity": "sha512-csOlWGAcRFJaI6m+F2WKdnMKr4HhdhFVBk0H/QbJFMCr+uO2kwohwXQPxw/9OCxp05r5ghVBFSyioixx3gfkNQ=="
    },
    "camelcase": {
      "version": "5.3.1",
      "resolved": "https://registry.npmjs.org/camelcase/-/camelcase-5.3.1.tgz",
      "integrity": "sha512-L28STB170nwWS63UjtlEOE3dldQApaJXZkOI1uMFfzf3rRuPegHaHesyee+YxQ+W6SvRDQV6UrdOdRiR153wJg=="
    },
<<<<<<< HEAD
=======
    "classnames": {
      "version": "2.2.6",
      "resolved": "https://registry.npmjs.org/classnames/-/classnames-2.2.6.tgz",
      "integrity": "sha512-JR/iSQOSt+LQIWwrwEzJ9uk0xfN3mTVYMwt1Ir5mUcSN6pU+V4zQFFaJsclJbPuAUQH+yfWef6tm7l1quW3C8Q=="
    },
>>>>>>> 4f7d41095abbe9f55b42013793c376831a1639c4
    "clsx": {
      "version": "1.1.1",
      "resolved": "https://registry.npmjs.org/clsx/-/clsx-1.1.1.tgz",
      "integrity": "sha512-6/bPho624p3S2pMyvP5kKBPXnI3ufHLObBFCfgx+LkeR5lg2XYy2hqZqUf45ypD8COn2bhgGJSUE+l5dhNBieA=="
    },
<<<<<<< HEAD
    "component-classes": {
      "version": "1.2.6",
      "resolved": "https://registry.npmjs.org/component-classes/-/component-classes-1.2.6.tgz",
      "integrity": "sha1-xkI5TDYYpNiwuJGe/Mu9kw5c1pE=",
      "requires": {
        "component-indexof": "0.0.3"
      }
    },
    "component-closest": {
      "version": "1.0.1",
      "resolved": "https://registry.npmjs.org/component-closest/-/component-closest-1.0.1.tgz",
      "integrity": "sha1-HtBGQTL8iKNRCi2r7AeWlXifsbU=",
      "requires": {
        "component-matches-selector": "~0.1.6"
      }
    },
    "component-delegate": {
      "version": "0.2.4",
      "resolved": "https://registry.npmjs.org/component-delegate/-/component-delegate-0.2.4.tgz",
      "integrity": "sha1-3FAodZ6mgb6oSj1rvWUCB8O+sTg=",
      "requires": {
        "component-closest": "*",
        "component-event": "*"
      }
    },
    "component-emitter": {
      "version": "1.3.0",
      "resolved": "https://registry.npmjs.org/component-emitter/-/component-emitter-1.3.0.tgz",
      "integrity": "sha512-Rd3se6QB+sO1TwqZjscQrurpEPIfO0/yYnSin6Q/rD3mOutHvUrCAhJub3r90uNb+SESBuE0QYoB90YdfatsRg=="
    },
    "component-event": {
      "version": "0.1.4",
      "resolved": "https://registry.npmjs.org/component-event/-/component-event-0.1.4.tgz",
      "integrity": "sha1-PeePwoeCOBeH4kvyp8U2vwFCybQ="
    },
    "component-events": {
      "version": "1.0.10",
      "resolved": "https://registry.npmjs.org/component-events/-/component-events-1.0.10.tgz",
      "integrity": "sha1-LpbRZvUAiaS3rHLVbndWrBt+i4M=",
      "requires": {
        "component-delegate": "0.2.4",
        "component-event": "0.1.4"
      }
    },
    "component-indexof": {
      "version": "0.0.3",
      "resolved": "https://registry.npmjs.org/component-indexof/-/component-indexof-0.0.3.tgz",
      "integrity": "sha1-EdCRMSI5648yyPJa6csAL/6NPCQ="
    },
    "component-matches-selector": {
      "version": "0.1.7",
      "resolved": "https://registry.npmjs.org/component-matches-selector/-/component-matches-selector-0.1.7.tgz",
      "integrity": "sha512-Yb2+pVBvrqkQVpPaDBF0DYXRreBveXJNrpJs9FnFu8PF6/5IIcz5oDZqiH9nB5hbD2/TmFVN5ZCxBzqu7yFFYQ==",
      "requires": {
        "component-query": "*",
        "global-object": "^1.0.0"
      }
    },
    "component-query": {
      "version": "0.0.3",
      "resolved": "https://registry.npmjs.org/component-query/-/component-query-0.0.3.tgz",
      "integrity": "sha1-B/Sdq3Bx+pYGcl31PmB/RorNqs8="
    },
    "component-raf": {
      "version": "1.2.0",
      "resolved": "https://registry.npmjs.org/component-raf/-/component-raf-1.2.0.tgz",
      "integrity": "sha1-srxy1D8bAU/eeks8RHx2S8c8y6o="
    },
    "computed-style": {
      "version": "0.3.0",
      "resolved": "https://registry.npmjs.org/computed-style/-/computed-style-0.3.0.tgz",
      "integrity": "sha1-OZv0VriblKrgKOFHcoeKm1RjIzg="
    },
    "domify": {
      "version": "1.4.0",
      "resolved": "https://registry.npmjs.org/domify/-/domify-1.4.0.tgz",
      "integrity": "sha1-EUg2F/dk+GlZdbS9x5sU8IA7Yps="
    },
=======
    "dom-helpers": {
      "version": "5.2.0",
      "resolved": "https://registry.npmjs.org/dom-helpers/-/dom-helpers-5.2.0.tgz",
      "integrity": "sha512-Ru5o9+V8CpunKnz5LGgWXkmrH/20cGKwcHwS4m73zIvs54CN9epEmT/HLqFJW3kXpakAFkEdzgy1hzlJe3E4OQ==",
      "requires": {
        "@babel/runtime": "^7.8.7",
        "csstype": "^3.0.2"
      },
      "dependencies": {
        "csstype": {
          "version": "3.0.5",
          "resolved": "https://registry.npmjs.org/csstype/-/csstype-3.0.5.tgz",
          "integrity": "sha512-uVDi8LpBUKQj6sdxNaTetL6FpeCqTjOvAQuQUa/qAqq8oOd4ivkbhgnqayl0dnPal8Tb/yB1tF+gOvCBiicaiQ=="
        }
      }
    },
>>>>>>> 4f7d41095abbe9f55b42013793c376831a1639c4
    "es6-denodeify": {
      "version": "0.1.5",
      "resolved": "https://registry.npmjs.org/es6-denodeify/-/es6-denodeify-0.1.5.tgz",
      "integrity": "sha1-MdTV/pxVA+ElRgQ5MQ4WoqPznB8="
    },
    "event-target-shim": {
      "version": "5.0.1",
      "resolved": "https://registry.npmjs.org/event-target-shim/-/event-target-shim-5.0.1.tgz",
      "integrity": "sha512-i/2XbnSz/uxRCU6+NdVJgKWDTM427+MqYbkQzD321DuCQJUqOuJKIA0IM2+W2xtYHdKOmZ4dR6fExsd4SXL+WQ=="
    },
    "eventsource": {
      "version": "1.0.7",
      "resolved": "https://registry.npmjs.org/eventsource/-/eventsource-1.0.7.tgz",
      "integrity": "sha512-4Ln17+vVT0k8aWq+t/bF5arcS3EpT9gYtW66EPacdj/mAFevznsnyoHLPy2BA8gbIQeIHoPsvwmfBftfcG//BQ==",
      "requires": {
        "original": "^1.0.0"
      }
    },
    "exenv": {
      "version": "1.2.2",
      "resolved": "https://registry.npmjs.org/exenv/-/exenv-1.2.2.tgz",
      "integrity": "sha1-KueOhdmJQVhnCwPUe+wfA72Ru50="
    },
    "fetch-cookie": {
      "version": "0.7.3",
      "resolved": "https://registry.npmjs.org/fetch-cookie/-/fetch-cookie-0.7.3.tgz",
      "integrity": "sha512-rZPkLnI8x5V+zYAiz8QonAHsTb4BY+iFowFBI1RFn0zrO343AVp9X7/yUj/9wL6Ef/8fLls8b/vGtzUvmyAUGA==",
      "requires": {
        "es6-denodeify": "^0.1.1",
        "tough-cookie": "^2.3.3"
      }
    },
<<<<<<< HEAD
    "global-object": {
      "version": "1.0.0",
      "resolved": "https://registry.npmjs.org/global-object/-/global-object-1.0.0.tgz",
      "integrity": "sha1-KhtF6QHVXkdzFU8S8M7B75q6X58="
    },
    "has-translate3d": {
      "version": "0.0.3",
      "resolved": "https://registry.npmjs.org/has-translate3d/-/has-translate3d-0.0.3.tgz",
      "integrity": "sha1-7gFXrVtMqKGjNRSp5+9FQVoTIQM=",
      "requires": {
        "transform-property": "0.0.1"
=======
    "invariant": {
      "version": "2.2.4",
      "resolved": "https://registry.npmjs.org/invariant/-/invariant-2.2.4.tgz",
      "integrity": "sha512-phJfQVBuaJM5raOpJjSfkiD6BpbCE4Ns//LaXl6wGYtUBY83nWS6Rf9tXm2e8VaK60JEjYldbPif/A2B1C2gNA==",
      "requires": {
        "loose-envify": "^1.0.0"
>>>>>>> 4f7d41095abbe9f55b42013793c376831a1639c4
      }
    },
    "js-tokens": {
      "version": "4.0.0",
      "resolved": "https://registry.npmjs.org/js-tokens/-/js-tokens-4.0.0.tgz",
      "integrity": "sha512-RdJUflcE3cUzKiMqQgsCu06FPu9UdIJO0beYbPhHN4k6apgJtifcoCtT9bcxOpYBtpD2kCM6Sbzg4CausW/PKQ=="
    },
    "lodash": {
      "version": "4.17.20",
      "resolved": "https://registry.npmjs.org/lodash/-/lodash-4.17.20.tgz",
      "integrity": "sha512-PlhdFcillOINfeV7Ni6oF1TAEayyZBoZ8bcshTHqOYJYlrqzRK5hagpagky5o4HfCzzd1TRkXPMFq6cKk9rGmA=="
    },
    "lodash-es": {
      "version": "4.17.15",
      "resolved": "https://registry.npmjs.org/lodash-es/-/lodash-es-4.17.15.tgz",
      "integrity": "sha512-rlrc3yU3+JNOpZ9zj5pQtxnx2THmvRykwL4Xlxoa8I9lHBlVbbyPhgyPMioxVZ4NqyxaVVtaJnzsyOidQIhyyQ=="
    },
    "lodash.omit": {
      "version": "4.5.0",
      "resolved": "https://registry.npmjs.org/lodash.omit/-/lodash.omit-4.5.0.tgz",
      "integrity": "sha1-brGa5aHuHdnfC5aeZs4Lf6MLXmA="
    },
    "loose-envify": {
      "version": "1.4.0",
      "resolved": "https://registry.npmjs.org/loose-envify/-/loose-envify-1.4.0.tgz",
      "integrity": "sha512-lyuxPGr/Wfhrlem2CL/UcnUc1zcqKAImBDzukY7Y5F/yQiNdko6+fRLevlw1HgMySw7f611UIY408EtxRSoK3Q==",
      "requires": {
        "js-tokens": "^3.0.0 || ^4.0.0"
      }
    },
    "matches-selector": {
      "version": "1.2.0",
      "resolved": "https://registry.npmjs.org/matches-selector/-/matches-selector-1.2.0.tgz",
      "integrity": "sha512-c4vLwYWyl+Ji+U43eU/G5FwxWd4ZH0ePUsFs5y0uwD9HUEFBXUQ1zUUan+78IpRD+y4pUfG0nAzNM292K7ItvA=="
    },
    "node-fetch": {
      "version": "2.6.1",
      "resolved": "https://registry.npmjs.org/node-fetch/-/node-fetch-2.6.1.tgz",
      "integrity": "sha512-V4aYg89jEoVRxRb2fJdAg8FHvI7cEyYdVAh94HH0UIK8oJxUfkjlDQN9RbMx+bEjP7+ggMiFRprSti032Oipxw=="
    },
    "object-assign": {
      "version": "4.1.1",
      "resolved": "https://registry.npmjs.org/object-assign/-/object-assign-4.1.1.tgz",
      "integrity": "sha1-IQmtx5ZYh8/AXLvUQsrIv7s2CGM="
    },
    "original": {
      "version": "1.0.2",
      "resolved": "https://registry.npmjs.org/original/-/original-1.0.2.tgz",
      "integrity": "sha512-hyBVl6iqqUOJ8FqRe+l/gS8H+kKYjrEndd5Pm1MfBtsEKA038HkkdbAl/72EAXGyonD/PFsvmVG+EvcIpliMBg==",
      "requires": {
        "url-parse": "^1.4.3"
      }
    },
    "per-frame": {
      "version": "3.0.1",
      "resolved": "https://registry.npmjs.org/per-frame/-/per-frame-3.0.1.tgz",
      "integrity": "sha1-Oo7ldwMkDVW0C3eZOX5GTgsyJ2U=",
      "requires": {
        "component-raf": "1.2.0"
      }
    },
    "prop-types": {
      "version": "15.7.2",
      "resolved": "https://registry.npmjs.org/prop-types/-/prop-types-15.7.2.tgz",
      "integrity": "sha512-8QQikdH7//R2vurIJSutZ1smHYTcLpRWEOlHnzcWHmBYrOGUysKwSsrC89BCiFj3CbrfJ/nXFdJepOVrY1GCHQ==",
      "requires": {
        "loose-envify": "^1.4.0",
        "object-assign": "^4.1.1",
        "react-is": "^16.8.1"
      }
    },
    "prop-types-extra": {
      "version": "1.1.1",
      "resolved": "https://registry.npmjs.org/prop-types-extra/-/prop-types-extra-1.1.1.tgz",
      "integrity": "sha512-59+AHNnHYCdiC+vMwY52WmvP5dM3QLeoumYuEyceQDi9aEhtwN9zIQ2ZNo25sMyXnbh32h+P1ezDsUpUH3JAew==",
      "requires": {
        "react-is": "^16.3.2",
        "warning": "^4.0.0"
      }
    },
    "psl": {
      "version": "1.8.0",
      "resolved": "https://registry.npmjs.org/psl/-/psl-1.8.0.tgz",
      "integrity": "sha512-RIdOzyoavK+hA18OGGWDqUTsCLhtA7IcZ/6NCs4fFJaHBDab+pDDmDIByWFRQJq2Cd7r1OoQxBGKOaztq+hjIQ=="
    },
    "punycode": {
      "version": "2.1.1",
      "resolved": "https://registry.npmjs.org/punycode/-/punycode-2.1.1.tgz",
      "integrity": "sha512-XRsRjdf+j5ml+y/6GKHPZbrF/8p2Yga0JPtdqTIY2Xe5ohJPD9saDJJLPvp9+NSBprVvevdXZybnj2cv8OEd0A=="
    },
    "querystringify": {
      "version": "2.2.0",
      "resolved": "https://registry.npmjs.org/querystringify/-/querystringify-2.2.0.tgz",
      "integrity": "sha512-FIqgj2EUvTa7R50u0rGsyTftzjYmv/a3hO345bZNrqabNqjtgiDMgmo4mkUjd+nzU5oF3dClKqFIPUKybUyqoQ=="
    },
    "react": {
      "version": "16.14.0",
      "resolved": "https://registry.npmjs.org/react/-/react-16.14.0.tgz",
      "integrity": "sha512-0X2CImDkJGApiAlcf0ODKIneSwBPhqJawOa5wCtKbu7ZECrmS26NvtSILynQ66cgkT/RJ4LidJOc3bUESwmU8g==",
      "requires": {
        "loose-envify": "^1.1.0",
        "object-assign": "^4.1.1",
        "prop-types": "^15.6.2"
      }
    },
    "react-bootstrap": {
      "version": "1.4.0",
      "resolved": "https://registry.npmjs.org/react-bootstrap/-/react-bootstrap-1.4.0.tgz",
      "integrity": "sha512-0BMzgeUAxH126v7VYDzIXbHxQVHSnniPVKpz9fblumdQpWaiElMnnzk+u8h8DoELX0nCXwPlcUzgXqmpncdc2Q==",
      "requires": {
        "@babel/runtime": "^7.4.2",
        "@restart/context": "^2.1.4",
        "@restart/hooks": "^0.3.21",
        "@types/classnames": "^2.2.10",
        "@types/invariant": "^2.2.33",
        "@types/prop-types": "^15.7.3",
        "@types/react": "^16.9.35",
        "@types/react-transition-group": "^4.4.0",
        "@types/warning": "^3.0.0",
        "classnames": "^2.2.6",
        "dom-helpers": "^5.1.2",
        "invariant": "^2.2.4",
        "prop-types": "^15.7.2",
        "prop-types-extra": "^1.1.0",
        "react-overlays": "^4.1.0",
        "react-transition-group": "^4.4.1",
        "uncontrollable": "^7.0.0",
        "warning": "^4.0.3"
      },
      "dependencies": {
        "@types/react": {
          "version": "16.14.2",
          "resolved": "https://registry.npmjs.org/@types/react/-/react-16.14.2.tgz",
          "integrity": "sha512-BzzcAlyDxXl2nANlabtT4thtvbbnhee8hMmH/CcJrISDBVcJS1iOsP1f0OAgSdGE0MsY9tqcrb9YoZcOFv9dbQ==",
          "requires": {
            "@types/prop-types": "*",
            "csstype": "^3.0.2"
          }
        },
        "csstype": {
          "version": "3.0.5",
          "resolved": "https://registry.npmjs.org/csstype/-/csstype-3.0.5.tgz",
          "integrity": "sha512-uVDi8LpBUKQj6sdxNaTetL6FpeCqTjOvAQuQUa/qAqq8oOd4ivkbhgnqayl0dnPal8Tb/yB1tF+gOvCBiicaiQ=="
        }
      }
    },
    "react-icons": {
      "version": "3.11.0",
      "resolved": "https://registry.npmjs.org/react-icons/-/react-icons-3.11.0.tgz",
      "integrity": "sha512-JRgiI/vdF6uyBgyZhVyYJUZAop95Sy4XDe/jmT3R/bKliFWpO/uZBwvSjWEdxwzec7SYbEPNPck0Kff2tUGM2Q==",
      "requires": {
        "camelcase": "^5.0.0"
      }
    },
    "react-is": {
      "version": "16.13.1",
      "resolved": "https://registry.npmjs.org/react-is/-/react-is-16.13.1.tgz",
      "integrity": "sha512-24e6ynE2H+OKt4kqsOvNd8kBpV65zoxbA4BVsEOB3ARVWQki/DHzaUoC5KuON/BiccDaCCTZBuOcfZs70kR8bQ=="
    },
    "react-lifecycles-compat": {
      "version": "3.0.4",
      "resolved": "https://registry.npmjs.org/react-lifecycles-compat/-/react-lifecycles-compat-3.0.4.tgz",
      "integrity": "sha512-fBASbA6LnOU9dOU2eW7aQ8xmYBSXUIWr+UmF9b1efZBazGNO+rcXT/icdKnYm2pTwcRylVUYwW7H1PHfLekVzA=="
    },
    "react-modal": {
      "version": "3.11.2",
      "resolved": "https://registry.npmjs.org/react-modal/-/react-modal-3.11.2.tgz",
      "integrity": "sha512-o8gvvCOFaG1T7W6JUvsYjRjMVToLZgLIsi5kdhFIQCtHxDkA47LznX62j+l6YQkpXDbvQegsDyxe/+JJsFQN7w==",
      "requires": {
        "exenv": "^1.2.0",
        "prop-types": "^15.5.10",
        "react-lifecycles-compat": "^3.0.0",
        "warning": "^4.0.3"
      }
    },
<<<<<<< HEAD
=======
    "react-overlays": {
      "version": "4.1.1",
      "resolved": "https://registry.npmjs.org/react-overlays/-/react-overlays-4.1.1.tgz",
      "integrity": "sha512-WtJifh081e6M24KnvTQoNjQEpz7HoLxqt8TwZM7LOYIkYJ8i/Ly1Xi7RVte87ZVnmqQ4PFaFiNHZhSINPSpdBQ==",
      "requires": {
        "@babel/runtime": "^7.12.1",
        "@popperjs/core": "^2.5.3",
        "@restart/hooks": "^0.3.25",
        "@types/warning": "^3.0.0",
        "dom-helpers": "^5.2.0",
        "prop-types": "^15.7.2",
        "uncontrollable": "^7.0.0",
        "warning": "^4.0.3"
      }
    },
>>>>>>> 4f7d41095abbe9f55b42013793c376831a1639c4
    "react-tabs": {
      "version": "3.1.1",
      "resolved": "https://registry.npmjs.org/react-tabs/-/react-tabs-3.1.1.tgz",
      "integrity": "sha512-HpySC29NN1BkzBAnOC+ajfzPbTaVZcSWzMSjk56uAhPC/rBGtli8lTysR4CfPAyEE/hfweIzagOIoJ7nu80yng==",
      "requires": {
        "clsx": "^1.1.0",
        "prop-types": "^15.5.0"
      }
    },
<<<<<<< HEAD
=======
    "react-transition-group": {
      "version": "4.4.1",
      "resolved": "https://registry.npmjs.org/react-transition-group/-/react-transition-group-4.4.1.tgz",
      "integrity": "sha512-Djqr7OQ2aPUiYurhPalTrVy9ddmFCCzwhqQmtN+J3+3DzLO209Fdr70QrN8Z3DsglWql6iY1lDWAfpFiBtuKGw==",
      "requires": {
        "@babel/runtime": "^7.5.5",
        "dom-helpers": "^5.0.1",
        "loose-envify": "^1.4.0",
        "prop-types": "^15.6.2"
      }
    },
>>>>>>> 4f7d41095abbe9f55b42013793c376831a1639c4
    "react-validation": {
      "version": "3.0.7",
      "resolved": "https://registry.npmjs.org/react-validation/-/react-validation-3.0.7.tgz",
      "integrity": "sha1-tQcL+KbnN7hw2Hu/tyzMpys/N1A=",
      "requires": {
        "lodash.omit": "^4.5.0",
        "prop-types": "^15.6.0",
        "react": "^16.0.0",
        "shallow-equal": "^1.0.0",
        "uuid": "^3.1.0"
      }
    },
    "regenerator-runtime": {
      "version": "0.13.7",
      "resolved": "https://registry.npmjs.org/regenerator-runtime/-/regenerator-runtime-0.13.7.tgz",
      "integrity": "sha512-a54FxoJDIr27pgf7IgeQGxmqUNYrcV338lf/6gH456HZ/PhX+5BcwHXG9ajESmwe6WRO0tAzRUrRmNONWgkrew=="
    },
    "requires-port": {
      "version": "1.0.0",
      "resolved": "https://registry.npmjs.org/requires-port/-/requires-port-1.0.0.tgz",
      "integrity": "sha1-kl0mAdOaxIXgkc8NpcbmlNw9yv8="
    },
    "shallow-equal": {
      "version": "1.2.1",
      "resolved": "https://registry.npmjs.org/shallow-equal/-/shallow-equal-1.2.1.tgz",
      "integrity": "sha512-S4vJDjHHMBaiZuT9NPb616CSmLf618jawtv3sufLl6ivK8WocjAo58cXwbRV1cgqxH0Qbv+iUt6m05eqEa2IRA=="
    },
    "sweet-sortable": {
      "version": "0.3.6",
      "resolved": "https://registry.npmjs.org/sweet-sortable/-/sweet-sortable-0.3.6.tgz",
      "integrity": "sha1-7LpcvaQKh+cmS7FvMpnV5RcwLBs=",
      "requires": {
        "component-classes": "^1.2.6",
        "component-closest": "^1.0.1",
        "component-emitter": "^1.2.1",
        "component-event": "^0.2.0",
        "component-events": "^1.0.10",
        "component-indexof": "0.0.3",
        "component-matches-selector": "^0.1.6",
        "component-raf": "^1.2.0",
        "computed-style": "^0.3.0",
        "has-translate3d": "0.0.3",
        "per-frame": "^3.0.1",
        "touchaction-property": "0.0.1",
        "transform-property": "0.0.1",
        "transition-property": "^1.0.1",
        "transitionend-property": "0.0.2",
        "uid": "0.0.2"
      },
      "dependencies": {
        "component-event": {
          "version": "0.2.0",
          "resolved": "https://registry.npmjs.org/component-event/-/component-event-0.2.0.tgz",
          "integrity": "sha1-homnwlp90K/n4uhAgJHVueEs4ZY="
        }
      }
    },
    "switch-component": {
      "version": "0.0.2",
      "resolved": "https://registry.npmjs.org/switch-component/-/switch-component-0.0.2.tgz",
      "integrity": "sha1-jgL8xaqCD85TN1gVb1e/Bq84F5c=",
      "requires": {
        "component-classes": "^1.2.4",
        "computed-style": "^0.3.0"
      }
    },
    "tab-component": {
      "version": "2.0.5",
      "resolved": "https://registry.npmjs.org/tab-component/-/tab-component-2.0.5.tgz",
      "integrity": "sha1-8/HWM0z6ZTIox5QBD6L2prZdeaU=",
      "requires": {
        "component-classes": "^1.2.4",
        "component-emitter": "^1.2.0",
        "component-events": "^1.0.9",
        "component-matches-selector": "^0.1.5",
        "domify": "^1.4.0",
        "sweet-sortable": "^0.3.0",
        "switch-component": "0.0.2",
        "yields-traverse": "^0.2.0"
      }
    },
    "touchaction-property": {
      "version": "0.0.1",
      "resolved": "https://registry.npmjs.org/touchaction-property/-/touchaction-property-0.0.1.tgz",
      "integrity": "sha1-8EakYiR3YJHKzcY8IP/HN7dR9sY="
    },
    "tough-cookie": {
      "version": "2.5.0",
      "resolved": "https://registry.npmjs.org/tough-cookie/-/tough-cookie-2.5.0.tgz",
      "integrity": "sha512-nlLsUzgm1kfLXSXfRZMc1KLAugd4hqJHDTvc2hDIwS3mZAfMEuMbc03SujMF+GEcpaX/qboeycw6iO8JwVv2+g==",
      "requires": {
        "psl": "^1.1.28",
        "punycode": "^2.1.1"
      }
    },
<<<<<<< HEAD
    "transform-property": {
      "version": "0.0.1",
      "resolved": "https://registry.npmjs.org/transform-property/-/transform-property-0.0.1.tgz",
      "integrity": "sha1-SGNmL51eW7jwwAZI7/CL6xT9ZfI="
    },
    "transition-property": {
      "version": "1.0.1",
      "resolved": "https://registry.npmjs.org/transition-property/-/transition-property-1.0.1.tgz",
      "integrity": "sha1-YDTBieHT9y0c5H4tAqHvFPyF2ZE="
    },
    "transitionend-property": {
      "version": "0.0.2",
      "resolved": "https://registry.npmjs.org/transitionend-property/-/transitionend-property-0.0.2.tgz",
      "integrity": "sha1-f5aWSPg5TVK6CX8SayseefN7DGw="
    },
    "uid": {
      "version": "0.0.2",
      "resolved": "https://registry.npmjs.org/uid/-/uid-0.0.2.tgz",
      "integrity": "sha1-XkpdS3gTi09w+J/Tx2/FmqnS8QM="
=======
    "uncontrollable": {
      "version": "7.1.1",
      "resolved": "https://registry.npmjs.org/uncontrollable/-/uncontrollable-7.1.1.tgz",
      "integrity": "sha512-EcPYhot3uWTS3w00R32R2+vS8Vr53tttrvMj/yA1uYRhf8hbTG2GyugGqWDY0qIskxn0uTTojVd6wPYW9ZEf8Q==",
      "requires": {
        "@babel/runtime": "^7.6.3",
        "@types/react": "^16.9.11",
        "invariant": "^2.2.4",
        "react-lifecycles-compat": "^3.0.4"
      },
      "dependencies": {
        "@types/react": {
          "version": "16.14.2",
          "resolved": "https://registry.npmjs.org/@types/react/-/react-16.14.2.tgz",
          "integrity": "sha512-BzzcAlyDxXl2nANlabtT4thtvbbnhee8hMmH/CcJrISDBVcJS1iOsP1f0OAgSdGE0MsY9tqcrb9YoZcOFv9dbQ==",
          "requires": {
            "@types/prop-types": "*",
            "csstype": "^3.0.2"
          }
        },
        "csstype": {
          "version": "3.0.5",
          "resolved": "https://registry.npmjs.org/csstype/-/csstype-3.0.5.tgz",
          "integrity": "sha512-uVDi8LpBUKQj6sdxNaTetL6FpeCqTjOvAQuQUa/qAqq8oOd4ivkbhgnqayl0dnPal8Tb/yB1tF+gOvCBiicaiQ=="
        }
      }
>>>>>>> 4f7d41095abbe9f55b42013793c376831a1639c4
    },
    "url-parse": {
      "version": "1.4.7",
      "resolved": "https://registry.npmjs.org/url-parse/-/url-parse-1.4.7.tgz",
      "integrity": "sha512-d3uaVyzDB9tQoSXFvuSUNFibTd9zxd2bkVrDRvF5TmvWWQwqE4lgYJ5m+x1DbecWkw+LK4RNl2CU1hHuOKPVlg==",
      "requires": {
        "querystringify": "^2.1.1",
        "requires-port": "^1.0.0"
      }
    },
    "uuid": {
      "version": "3.4.0",
      "resolved": "https://registry.npmjs.org/uuid/-/uuid-3.4.0.tgz",
      "integrity": "sha512-HjSDRw6gZE5JMggctHBcjVak08+KEVhSIiDzFnT9S9aegmp85S/bReBVTb4QTFaRNptJ9kuYaNhnbNEOkbKb/A=="
    },
    "validator": {
      "version": "13.1.17",
      "resolved": "https://registry.npmjs.org/validator/-/validator-13.1.17.tgz",
      "integrity": "sha512-zL5QBoemJ3jYFb2/j38y7ljhwYGXVLUp8H6W1nVxadnAOvUOytec+L7BHh1oBQ82/TzWXHd+GSaxUWp4lROkLg=="
    },
    "warning": {
      "version": "4.0.3",
      "resolved": "https://registry.npmjs.org/warning/-/warning-4.0.3.tgz",
      "integrity": "sha512-rpJyN222KWIvHJ/F53XSZv0Zl/accqHR8et1kpaMTD/fLCRxtV8iX8czMzY7sVZupTI3zcUTg8eycS2kNF9l6w==",
      "requires": {
        "loose-envify": "^1.0.0"
      }
    },
    "ws": {
      "version": "6.2.1",
      "resolved": "https://registry.npmjs.org/ws/-/ws-6.2.1.tgz",
      "integrity": "sha512-GIyAXC2cB7LjvpgMt9EKS2ldqr0MTrORaleiOno6TweZ6r3TKtoFQWay/2PceJ3RuBasOHzXNn5Lrw1X0bEjqA==",
      "requires": {
        "async-limiter": "~1.0.0"
      }
    },
    "yields-traverse": {
      "version": "0.2.0",
      "resolved": "https://registry.npmjs.org/yields-traverse/-/yields-traverse-0.2.0.tgz",
      "integrity": "sha1-Uha/1a1Ja0B4lY3QPzxugFVX5fs=",
      "requires": {
        "matches-selector": "*"
      }
    }
  }
}
